{
  "requires": true,
  "lockfileVersion": 1,
  "dependencies": {
    "crypto-js": {
      "version": "4.1.1",
      "resolved": "https://registry.npmjs.org/crypto-js/-/crypto-js-4.1.1.tgz",
      "integrity": "sha512-o2JlM7ydqd3Qk9CA0L4NL6mTzU2sdx96a+oOfPu8Mkl/PK51vSyoi8/rQ8NknZtk44vq15lmhAj9CIAGwgeWKw=="
    },
    "crypto.js": {
      "version": "3.0.0",
      "resolved": "https://registry.npmjs.org/crypto.js/-/crypto.js-3.0.0.tgz",
      "integrity": "sha512-eNvFmXsj0kv8OGfSOnfBMbKbcMXb+/LrBNZgW4Nc/jlcl3q9gAQHGB/GMdhkJR3zjrqIAL0TbbUg+PS40HwYcQ=="
    }
  }
}
